
Microsoft Visual Studio Solution File, Format Version 12.00
# Visual Studio for Mac
Project("{FAE04EC0-301F-11D3-BF4B-00C04F79EFBC}") = "HW3_Vuforia", "HW3_Vuforia.csproj", "{C06C411C-AF55-720A-57A3-453955D599BD}"
EndProject
Project("{FAE04EC0-301F-11D3-BF4B-00C04F79EFBC}") = "HW3_Vuforia.Editor", "HW3_Vuforia.Editor.csproj", "{D14E9E7E-2BCB-2261-42B6-C6663AE5C5D8}"
EndProject
Global
	GlobalSection(SolutionConfigurationPlatforms) = preSolution
		Debug|Any CPU = Debug|Any CPU
		Release|Any CPU = Release|Any CPU
	EndGlobalSection
	GlobalSection(ProjectConfigurationPlatforms) = postSolution
		{C06C411C-AF55-720A-57A3-453955D599BD}.Debug|Any CPU.ActiveCfg = Debug|Any CPU
		{C06C411C-AF55-720A-57A3-453955D599BD}.Debug|Any CPU.Build.0 = Debug|Any CPU
		{C06C411C-AF55-720A-57A3-453955D599BD}.Release|Any CPU.ActiveCfg = Release|Any CPU
		{C06C411C-AF55-720A-57A3-453955D599BD}.Release|Any CPU.Build.0 = Release|Any CPU
		{D14E9E7E-2BCB-2261-42B6-C6663AE5C5D8}.Debug|Any CPU.ActiveCfg = Debug|Any CPU
		{D14E9E7E-2BCB-2261-42B6-C6663AE5C5D8}.Debug|Any CPU.Build.0 = Debug|Any CPU
		{D14E9E7E-2BCB-2261-42B6-C6663AE5C5D8}.Release|Any CPU.ActiveCfg = Release|Any CPU
		{D14E9E7E-2BCB-2261-42B6-C6663AE5C5D8}.Release|Any CPU.Build.0 = Release|Any CPU
	EndGlobalSection
	GlobalSection(SolutionProperties) = preSolution
		HideSolutionNode = FALSE
	EndGlobalSection
EndGlobal
